
Microsoft Visual Studio Solution File, Format Version 12.00
# Visual Studio Version 17
VisualStudioVersion = 17.3.32929.385
MinimumVisualStudioVersion = 10.0.40219.1
Project("{FAE04EC0-301F-11D3-BF4B-00C04F79EFBC}") = "ConsultaClientesFlyUs", "ConsultaClientesFlyUs\ConsultaClientesFlyUs.csproj", "{B562B068-54AE-48A9-ADE7-4F8F616722D4}"
EndProject
Global
	GlobalSection(SolutionConfigurationPlatforms) = preSolution
		Debug|Any CPU = Debug|Any CPU
		Release|Any CPU = Release|Any CPU
	EndGlobalSection
	GlobalSection(ProjectConfigurationPlatforms) = postSolution
		{B562B068-54AE-48A9-ADE7-4F8F616722D4}.Debug|Any CPU.ActiveCfg = Debug|Any CPU
		{B562B068-54AE-48A9-ADE7-4F8F616722D4}.Debug|Any CPU.Build.0 = Debug|Any CPU
		{B562B068-54AE-48A9-ADE7-4F8F616722D4}.Release|Any CPU.ActiveCfg = Release|Any CPU
		{B562B068-54AE-48A9-ADE7-4F8F616722D4}.Release|Any CPU.Build.0 = Release|Any CPU
	EndGlobalSection
	GlobalSection(SolutionProperties) = preSolution
		HideSolutionNode = FALSE
	EndGlobalSection
	GlobalSection(ExtensibilityGlobals) = postSolution
		SolutionGuid = {55424055-6223-4401-A66E-E196E1F7F805}
	EndGlobalSection
EndGlobal
